
Microsoft Visual Studio Solution File, Format Version 12.00
# Visual Studio Version 16
VisualStudioVersion = 16.0.29418.71
MinimumVisualStudioVersion = 10.0.40219.1
Project("{FAE04EC0-301F-11D3-BF4B-00C04F79EFBC}") = "HarmonyFix", "HarmonyFix\HarmonyFix.csproj", "{674B538C-8A9D-4D0C-BE86-D3F5F79CCDCE}"
EndProject
Project("{FAE04EC0-301F-11D3-BF4B-00C04F79EFBC}") = "AutosaveEveryTurn", "AutosaveEveryTurn\AutosaveEveryTurn.csproj", "{886A4398-30C3-4C0E-963D-2B34A9FF18B6}"
EndProject
Project("{FAE04EC0-301F-11D3-BF4B-00C04F79EFBC}") = "RemoveCharacterButton", "RemoveCharacterButton\RemoveCharacterButton.csproj", "{741EF2FB-1D37-4E8C-88D4-7473839DBF8E}"
EndProject
Project("{FAE04EC0-301F-11D3-BF4B-00C04F79EFBC}") = "StopHalloweenEvent", "StopHalloweenEvent\StopHalloweenEvent.csproj", "{7C23A5DA-72BB-45C2-8D1B-DB9C8379AC47}"
EndProject
Project("{FAE04EC0-301F-11D3-BF4B-00C04F79EFBC}") = "ForceHalloweenEvent", "ForceHalloweenEvent\ForceHalloweenEvent.csproj", "{D3F0CD7E-7A51-461D-BA2C-B4E583ECBDD3}"
EndProject
Project("{FAE04EC0-301F-11D3-BF4B-00C04F79EFBC}") = "NoCardCloning", "NoCardCloning\NoCardCloning.csproj", "{BF279369-5134-4AD9-AE6F-7C1BF4B9E990}"
EndProject
Project("{FAE04EC0-301F-11D3-BF4B-00C04F79EFBC}") = "NoCardCloningPrePatcher", "NoCardCloningPrePatcher\NoCardCloningPrePatcher.csproj", "{3BC45CC8-DAED-48F1-8B12-B155E43C745E}"
EndProject
Project("{FAE04EC0-301F-11D3-BF4B-00C04F79EFBC}") = "RemoveCampResourcesRestriction", "RemoveCampResourcesRestriction\RemoveCampResourcesRestriction.csproj", "{D81BE8A2-3217-4E8F-B8F1-5B84415B3F4D}"
EndProject
Global
	GlobalSection(SolutionConfigurationPlatforms) = preSolution
		Debug|Any CPU = Debug|Any CPU
		Debug|x86 = Debug|x86
		Release|Any CPU = Release|Any CPU
		Release|x86 = Release|x86
	EndGlobalSection
	GlobalSection(ProjectConfigurationPlatforms) = postSolution
		{674B538C-8A9D-4D0C-BE86-D3F5F79CCDCE}.Debug|Any CPU.ActiveCfg = Debug|Any CPU
		{674B538C-8A9D-4D0C-BE86-D3F5F79CCDCE}.Debug|Any CPU.Build.0 = Debug|Any CPU
		{674B538C-8A9D-4D0C-BE86-D3F5F79CCDCE}.Debug|x86.ActiveCfg = Debug|x86
		{674B538C-8A9D-4D0C-BE86-D3F5F79CCDCE}.Debug|x86.Build.0 = Debug|x86
		{674B538C-8A9D-4D0C-BE86-D3F5F79CCDCE}.Release|Any CPU.ActiveCfg = Debug|Any CPU
		{674B538C-8A9D-4D0C-BE86-D3F5F79CCDCE}.Release|Any CPU.Build.0 = Debug|Any CPU
		{674B538C-8A9D-4D0C-BE86-D3F5F79CCDCE}.Release|x86.ActiveCfg = Release|x86
		{674B538C-8A9D-4D0C-BE86-D3F5F79CCDCE}.Release|x86.Build.0 = Release|x86
		{886A4398-30C3-4C0E-963D-2B34A9FF18B6}.Debug|Any CPU.ActiveCfg = Debug|Any CPU
		{886A4398-30C3-4C0E-963D-2B34A9FF18B6}.Debug|Any CPU.Build.0 = Debug|Any CPU
		{886A4398-30C3-4C0E-963D-2B34A9FF18B6}.Debug|x86.ActiveCfg = Debug|x86
		{886A4398-30C3-4C0E-963D-2B34A9FF18B6}.Debug|x86.Build.0 = Debug|x86
		{886A4398-30C3-4C0E-963D-2B34A9FF18B6}.Release|Any CPU.ActiveCfg = Release|Any CPU
		{886A4398-30C3-4C0E-963D-2B34A9FF18B6}.Release|Any CPU.Build.0 = Release|Any CPU
		{886A4398-30C3-4C0E-963D-2B34A9FF18B6}.Release|x86.ActiveCfg = Release|x86
		{886A4398-30C3-4C0E-963D-2B34A9FF18B6}.Release|x86.Build.0 = Release|x86
		{741EF2FB-1D37-4E8C-88D4-7473839DBF8E}.Debug|Any CPU.ActiveCfg = Debug|Any CPU
		{741EF2FB-1D37-4E8C-88D4-7473839DBF8E}.Debug|Any CPU.Build.0 = Debug|Any CPU
		{741EF2FB-1D37-4E8C-88D4-7473839DBF8E}.Debug|x86.ActiveCfg = Debug|x86
		{741EF2FB-1D37-4E8C-88D4-7473839DBF8E}.Debug|x86.Build.0 = Debug|x86
		{741EF2FB-1D37-4E8C-88D4-7473839DBF8E}.Release|Any CPU.ActiveCfg = Release|Any CPU
		{741EF2FB-1D37-4E8C-88D4-7473839DBF8E}.Release|Any CPU.Build.0 = Release|Any CPU
		{741EF2FB-1D37-4E8C-88D4-7473839DBF8E}.Release|x86.ActiveCfg = Release|x86
		{741EF2FB-1D37-4E8C-88D4-7473839DBF8E}.Release|x86.Build.0 = Release|x86
		{7C23A5DA-72BB-45C2-8D1B-DB9C8379AC47}.Debug|Any CPU.ActiveCfg = Debug|Any CPU
		{7C23A5DA-72BB-45C2-8D1B-DB9C8379AC47}.Debug|Any CPU.Build.0 = Debug|Any CPU
		{7C23A5DA-72BB-45C2-8D1B-DB9C8379AC47}.Debug|x86.ActiveCfg = Debug|x86
		{7C23A5DA-72BB-45C2-8D1B-DB9C8379AC47}.Debug|x86.Build.0 = Debug|x86
		{7C23A5DA-72BB-45C2-8D1B-DB9C8379AC47}.Release|Any CPU.ActiveCfg = Release|Any CPU
		{7C23A5DA-72BB-45C2-8D1B-DB9C8379AC47}.Release|Any CPU.Build.0 = Release|Any CPU
		{7C23A5DA-72BB-45C2-8D1B-DB9C8379AC47}.Release|x86.ActiveCfg = Release|x86
		{7C23A5DA-72BB-45C2-8D1B-DB9C8379AC47}.Release|x86.Build.0 = Release|x86
		{D3F0CD7E-7A51-461D-BA2C-B4E583ECBDD3}.Debug|Any CPU.ActiveCfg = Debug|Any CPU
		{D3F0CD7E-7A51-461D-BA2C-B4E583ECBDD3}.Debug|Any CPU.Build.0 = Debug|Any CPU
		{D3F0CD7E-7A51-461D-BA2C-B4E583ECBDD3}.Debug|x86.ActiveCfg = Debug|x86
		{D3F0CD7E-7A51-461D-BA2C-B4E583ECBDD3}.Debug|x86.Build.0 = Debug|x86
		{D3F0CD7E-7A51-461D-BA2C-B4E583ECBDD3}.Release|Any CPU.ActiveCfg = Release|Any CPU
		{D3F0CD7E-7A51-461D-BA2C-B4E583ECBDD3}.Release|Any CPU.Build.0 = Release|Any CPU
		{D3F0CD7E-7A51-461D-BA2C-B4E583ECBDD3}.Release|x86.ActiveCfg = Release|x86
		{D3F0CD7E-7A51-461D-BA2C-B4E583ECBDD3}.Release|x86.Build.0 = Release|x86
		{BF279369-5134-4AD9-AE6F-7C1BF4B9E990}.Debug|Any CPU.ActiveCfg = Debug|Any CPU
		{BF279369-5134-4AD9-AE6F-7C1BF4B9E990}.Debug|Any CPU.Build.0 = Debug|Any CPU
		{BF279369-5134-4AD9-AE6F-7C1BF4B9E990}.Debug|x86.ActiveCfg = Debug|x86
		{BF279369-5134-4AD9-AE6F-7C1BF4B9E990}.Debug|x86.Build.0 = Debug|x86
		{BF279369-5134-4AD9-AE6F-7C1BF4B9E990}.Release|Any CPU.ActiveCfg = Release|Any CPU
		{BF279369-5134-4AD9-AE6F-7C1BF4B9E990}.Release|Any CPU.Build.0 = Release|Any CPU
		{BF279369-5134-4AD9-AE6F-7C1BF4B9E990}.Release|x86.ActiveCfg = Release|x86
		{BF279369-5134-4AD9-AE6F-7C1BF4B9E990}.Release|x86.Build.0 = Release|x86
		{3BC45CC8-DAED-48F1-8B12-B155E43C745E}.Debug|Any CPU.ActiveCfg = Debug|Any CPU
		{3BC45CC8-DAED-48F1-8B12-B155E43C745E}.Debug|Any CPU.Build.0 = Debug|Any CPU
		{3BC45CC8-DAED-48F1-8B12-B155E43C745E}.Debug|x86.ActiveCfg = Debug|x86
		{3BC45CC8-DAED-48F1-8B12-B155E43C745E}.Debug|x86.Build.0 = Debug|x86
		{3BC45CC8-DAED-48F1-8B12-B155E43C745E}.Release|Any CPU.ActiveCfg = Release|Any CPU
		{3BC45CC8-DAED-48F1-8B12-B155E43C745E}.Release|Any CPU.Build.0 = Release|Any CPU
		{3BC45CC8-DAED-48F1-8B12-B155E43C745E}.Release|x86.ActiveCfg = Release|x86
		{3BC45CC8-DAED-48F1-8B12-B155E43C745E}.Release|x86.Build.0 = Release|x86
		{D81BE8A2-3217-4E8F-B8F1-5B84415B3F4D}.Debug|Any CPU.ActiveCfg = Debug|Any CPU
		{D81BE8A2-3217-4E8F-B8F1-5B84415B3F4D}.Debug|Any CPU.Build.0 = Debug|Any CPU
		{D81BE8A2-3217-4E8F-B8F1-5B84415B3F4D}.Debug|x86.ActiveCfg = Debug|x86
		{D81BE8A2-3217-4E8F-B8F1-5B84415B3F4D}.Debug|x86.Build.0 = Debug|x86
		{D81BE8A2-3217-4E8F-B8F1-5B84415B3F4D}.Release|Any CPU.ActiveCfg = Release|Any CPU
		{D81BE8A2-3217-4E8F-B8F1-5B84415B3F4D}.Release|Any CPU.Build.0 = Release|Any CPU
		{D81BE8A2-3217-4E8F-B8F1-5B84415B3F4D}.Release|x86.ActiveCfg = Release|x86
		{D81BE8A2-3217-4E8F-B8F1-5B84415B3F4D}.Release|x86.Build.0 = Release|x86
	EndGlobalSection
	GlobalSection(SolutionProperties) = preSolution
		HideSolutionNode = FALSE
	EndGlobalSection
	GlobalSection(ExtensibilityGlobals) = postSolution
		SolutionGuid = {9E44E95B-2D9C-4E1A-B080-B5DC809382D9}
	EndGlobalSection
EndGlobal
